
Microsoft Visual Studio Solution File, Format Version 12.00
# Visual Studio Version 16
VisualStudioVersion = 16.0.30523.141
MinimumVisualStudioVersion = 10.0.40219.1
Project("{FAE04EC0-301F-11D3-BF4B-00C04F79EFBC}") = "ResizeImageMiddleware.Demo", "ResizeImageMiddleware\ResizeImageMiddleware.Demo.csproj", "{1F3C7726-3A1F-40C2-9FD8-5962261447C6}"
EndProject
Project("{FAE04EC0-301F-11D3-BF4B-00C04F79EFBC}") = "XI.ImageResizer", "XI.ImageResizer\XI.ImageResizer.csproj", "{F00C58FD-6FE6-42AB-9589-B2FBEA3011CC}"
EndProject
Global
	GlobalSection(SolutionConfigurationPlatforms) = preSolution
		Debug|Any CPU = Debug|Any CPU
		Release|Any CPU = Release|Any CPU
	EndGlobalSection
	GlobalSection(ProjectConfigurationPlatforms) = postSolution
		{1F3C7726-3A1F-40C2-9FD8-5962261447C6}.Debug|Any CPU.ActiveCfg = Debug|Any CPU
		{1F3C7726-3A1F-40C2-9FD8-5962261447C6}.Debug|Any CPU.Build.0 = Debug|Any CPU
		{1F3C7726-3A1F-40C2-9FD8-5962261447C6}.Release|Any CPU.ActiveCfg = Release|Any CPU
		{1F3C7726-3A1F-40C2-9FD8-5962261447C6}.Release|Any CPU.Build.0 = Release|Any CPU
		{F00C58FD-6FE6-42AB-9589-B2FBEA3011CC}.Debug|Any CPU.ActiveCfg = Debug|Any CPU
		{F00C58FD-6FE6-42AB-9589-B2FBEA3011CC}.Debug|Any CPU.Build.0 = Debug|Any CPU
		{F00C58FD-6FE6-42AB-9589-B2FBEA3011CC}.Release|Any CPU.ActiveCfg = Release|Any CPU
		{F00C58FD-6FE6-42AB-9589-B2FBEA3011CC}.Release|Any CPU.Build.0 = Release|Any CPU
	EndGlobalSection
	GlobalSection(SolutionProperties) = preSolution
		HideSolutionNode = FALSE
	EndGlobalSection
	GlobalSection(ExtensibilityGlobals) = postSolution
		SolutionGuid = {3C7B4D97-86DB-4536-ACAD-E948AB51F000}
	EndGlobalSection
EndGlobal
